%{"cowboy": {:hex, :cowboy, "1.1.2", "61ac29ea970389a88eca5a65601460162d370a70018afe6f949a29dca91f3bb0", [], [{:cowlib, "~> 1.0.2", [hex: :cowlib, repo: "hexpm", optional: false]}, {:ranch, "~> 1.3.2", [hex: :ranch, repo: "hexpm", optional: false]}], "hexpm"},
  "cowlib": {:hex, :cowlib, "1.0.2", "9d769a1d062c9c3ac753096f868ca121e2730b9a377de23dec0f7e08b1df84ee", [], [], "hexpm"},
  "customized_hdr_histogram": {:hex, :customized_hdr_histogram, "0.3.2", "14ddae316fb694455fcc20cbd1ad5f057e421132e562afb93bd81eda44bd937d", [], [], "hexpm"},
  "dbg": {:hex, :dbg, "1.0.1", "9c29813e5df8b4d275325416523d511e315656b8ac27a60519791f9cf476d83d", [], [], "hexpm"},
  "distillery": {:hex, :distillery, "1.4.1", "546d851bf27ae8fe0727e10e4fc4e146ad836eecee138263a60431e688044ed3", [], [], "hexpm"},
  "eper": {:hex, :eper, "0.94.0", "f5fb2daa0df8878748e1c598428eda942a173e5121ff35c1d632129b84593a3a", [], [], "hexpm"},
  "goldrush": {:hex, :goldrush, "0.1.9", "f06e5d5f1277da5c413e84d5a2924174182fb108dabb39d5ec548b27424cd106", [], [], "hexpm"},
  "ibrowse": {:hex, :ibrowse, "4.4.0", "2d923325efe0d2cb09b9c6a047b2835a5eda69d8a47ed6ff8bc03628b764e991", [], [], "hexpm"},
  "jsone": {:hex, :jsone, "1.3.1", "133be761810ec0e94e05d4156944ffc35d02d6a88fa8fdfc2af29ba53eadb377", [], [], "hexpm"},
  "lager": {:hex, :lager, "3.2.4", "a6deb74dae7927f46bd13255268308ef03eb206ec784a94eaf7c1c0f3b811615", [], [{:goldrush, "0.1.9", [hex: :goldrush, repo: "hexpm", optional: false]}], "hexpm"},
  "poison": {:hex, :poison, "1.0.3", "0be3fc184cbcbb8ebd6a838acd78717ffffbdf89f7c3959895f87fd493c3374f", [], [], "hexpm"},
  "ranch": {:hex, :ranch, "1.3.2", "e4965a144dc9fbe70e5c077c65e73c57165416a901bd02ea899cfd95aa890986", [], [], "hexpm"},
  "recon": {:hex, :recon, "2.3.2", "4444c879be323b1b133eec5241cb84bd3821ea194c740d75617e106be4744318", [], [], "hexpm"},
  "tesla": {:hex, :tesla, "0.7.1", "0a13d25f35632928f36b9042c5051813cc392992f63ad55436c72162a2d8de02", [], [{:exjsx, ">= 0.1.0", [hex: :exjsx, repo: "hexpm", optional: true]}, {:fuse, "~> 2.4", [hex: :fuse, repo: "hexpm", optional: true]}, {:hackney, "~> 1.6", [hex: :hackney, repo: "hexpm", optional: true]}, {:ibrowse, "~> 4.2", [hex: :ibrowse, repo: "hexpm", optional: true]}, {:poison, ">= 1.0.0", [hex: :poison, repo: "hexpm", optional: true]}], "hexpm"},
  "xprof": {:hex, :xprof, "1.2.1", "e51a1cd782c9b585617f065818740e713134e6e6a3fe08a995e000def407e80b", [], [{:cowboy, "1.1.2", [hex: :cowboy, repo: "hexpm", optional: false]}, {:customized_hdr_histogram, "0.3.2", [hex: :customized_hdr_histogram, repo: "hexpm", optional: false]}, {:jsone, "1.3.1", [hex: :jsone, repo: "hexpm", optional: false]}, {:lager, "3.2.4", [hex: :lager, repo: "hexpm", optional: false]}], "hexpm"}}
