%{"absinthe": {:hex, :absinthe, "1.4.0-beta.3", "50ff463275db9fdb3a32480013bdb79780a196c77166796c1d8dab854f364359", [], [], "hexpm"},
  "absinthe_plug": {:hex, :absinthe_plug, "1.4.0-beta.1", "f3e44dcf0d62ffee2a5983e43ba11e11424aeb8860d963e03cc01ddbc02188ff", [], [{:absinthe, "~> 1.4.0-beta.1", [hex: :absinthe, repo: "hexpm", optional: false]}, {:plug, "~> 1.3.2 or ~> 1.4", [hex: :plug, repo: "hexpm", optional: false]}], "hexpm"},
  "cowboy": {:hex, :cowboy, "1.1.2", "61ac29ea970389a88eca5a65601460162d370a70018afe6f949a29dca91f3bb0", [], [{:cowlib, "~> 1.0.2", [hex: :cowlib, repo: "hexpm", optional: false]}, {:ranch, "~> 1.3.2", [hex: :ranch, repo: "hexpm", optional: false]}], "hexpm"},
  "cowlib": {:hex, :cowlib, "1.0.2", "9d769a1d062c9c3ac753096f868ca121e2730b9a377de23dec0f7e08b1df84ee", [], [], "hexpm"},
  "customized_hdr_histogram": {:hex, :customized_hdr_histogram, "0.3.2", "14ddae316fb694455fcc20cbd1ad5f057e421132e562afb93bd81eda44bd937d", [], [], "hexpm"},
  "dbg": {:hex, :dbg, "1.0.1", "9c29813e5df8b4d275325416523d511e315656b8ac27a60519791f9cf476d83d", [], [], "hexpm"},
  "distillery": {:hex, :distillery, "1.4.1", "546d851bf27ae8fe0727e10e4fc4e146ad836eecee138263a60431e688044ed3", [], [], "hexpm"},
  "eper": {:hex, :eper, "0.94.0", "f5fb2daa0df8878748e1c598428eda942a173e5121ff35c1d632129b84593a3a", [], [], "hexpm"},
  "goldrush": {:hex, :goldrush, "0.1.9", "f06e5d5f1277da5c413e84d5a2924174182fb108dabb39d5ec548b27424cd106", [], [], "hexpm"},
  "jsone": {:hex, :jsone, "1.3.1", "133be761810ec0e94e05d4156944ffc35d02d6a88fa8fdfc2af29ba53eadb377", [], [], "hexpm"},
  "lager": {:hex, :lager, "3.2.4", "a6deb74dae7927f46bd13255268308ef03eb206ec784a94eaf7c1c0f3b811615", [], [{:goldrush, "0.1.9", [hex: :goldrush, repo: "hexpm", optional: false]}], "hexpm"},
  "mime": {:hex, :mime, "1.1.0", "01c1d6f4083d8aa5c7b8c246ade95139620ef8effb009edde934e0ec3b28090a", [], [], "hexpm"},
  "plug": {:hex, :plug, "1.4.3", "236d77ce7bf3e3a2668dc0d32a9b6f1f9b1f05361019946aae49874904be4aed", [], [{:cowboy, "~> 1.0.1 or ~> 1.1", [hex: :cowboy, repo: "hexpm", optional: true]}, {:mime, "~> 1.0", [hex: :mime, repo: "hexpm", optional: false]}], "hexpm"},
  "poison": {:hex, :poison, "2.2.0", "4763b69a8a77bd77d26f477d196428b741261a761257ff1cf92753a0d4d24a63", [], [], "hexpm"},
  "ranch": {:hex, :ranch, "1.3.2", "e4965a144dc9fbe70e5c077c65e73c57165416a901bd02ea899cfd95aa890986", [], [], "hexpm"},
  "recon": {:hex, :recon, "2.3.2", "4444c879be323b1b133eec5241cb84bd3821ea194c740d75617e106be4744318", [], [], "hexpm"},
  "xprof": {:hex, :xprof, "1.2.1", "e51a1cd782c9b585617f065818740e713134e6e6a3fe08a995e000def407e80b", [], [{:cowboy, "1.1.2", [hex: :cowboy, repo: "hexpm", optional: false]}, {:customized_hdr_histogram, "0.3.2", [hex: :customized_hdr_histogram, repo: "hexpm", optional: false]}, {:jsone, "1.3.1", [hex: :jsone, repo: "hexpm", optional: false]}, {:lager, "3.2.4", [hex: :lager, repo: "hexpm", optional: false]}], "hexpm"}}
