%{"distillery": {:hex, :distillery, "1.4.1", "546d851bf27ae8fe0727e10e4fc4e146ad836eecee138263a60431e688044ed3", [], [], "hexpm"},
  "lttng": {:git, "git@github.com:psyeugenic/lttng.git", "2174d69e0d2d8c37f079792f95f23c6e17e325f1", [branch: "master"]},
  "recon": {:hex, :recon, "2.3.2", "4444c879be323b1b133eec5241cb84bd3821ea194c740d75617e106be4744318", [], [], "hexpm"}}
